<?xml version="1.0" encoding="utf-8"?>
<Project ToolsVersion="4.0" xmlns="http://schemas.microsoft.com/developer/msbuild/2003">
  <ItemGroup>
    <Filter Include="源文件">
      <UniqueIdentifier>{4FC737F1-C7A5-4376-A066-2A32D752A2FF}</UniqueIdentifier>
      <Extensions>cpp;c;cc;cxx;c++;cppm;ixx;def;odl;idl;hpj;bat;asm;asmx</Extensions>
    </Filter>
    <Filter Include="头文件">
      <UniqueIdentifier>{93995380-89BD-4b04-88EB-625FBE52EBFB}</UniqueIdentifier>
      <Extensions>h;hh;hpp;hxx;h++;hm;inl;inc;ipp;xsd</Extensions>
    </Filter>
    <Filter Include="资源文件">
      <UniqueIdentifier>{67DA6AB6-F800-4c08-8B7A-83BB121AAD01}</UniqueIdentifier>
      <Extensions>rc;ico;cur;bmp;dlg;rc2;rct;bin;rgs;gif;jpg;jpeg;jpe;resx;tiff;tif;png;wav;mfcribbon-ms</Extensions>
    </Filter>
  </ItemGroup>
  <ItemGroup>
    <ClCompile Include="源.cpp">
      <Filter>源文件</Filter>
    </ClCompile>
    <ClCompile Include="since 133.cpp">
      <Filter>源文件</Filter>
    </ClCompile>
    <ClCompile Include="P1000 超级玛丽游戏.cpp">
      <Filter>源文件</Filter>
    </ClCompile>
    <ClCompile Include="模板.cpp">
      <Filter>源文件</Filter>
    </ClCompile>
    <ClCompile Include="P8813 [CSP-J 2022] 乘方（民间数据）.cpp">
      <Filter>源文件</Filter>
    </ClCompile>
    <ClCompile Include="P8814 [CSP-J 2022] 解密（民间数据）.cpp">
      <Filter>源文件</Filter>
    </ClCompile>
    <ClCompile Include="P1002 [NOIP2002 普及组] 过河卒.cpp">
      <Filter>源文件</Filter>
    </ClCompile>
    <ClCompile Include="P1003 [NOIP2011 提高组] 铺地毯.cpp">
      <Filter>源文件</Filter>
    </ClCompile>
    <ClCompile Include="P1004 [NOIP2000 提高组] 方格取数.cpp">
      <Filter>源文件</Filter>
    </ClCompile>
    <ClCompile Include="P1005 [NOIP2007 提高组] 矩阵取数游戏.cpp">
      <Filter>源文件</Filter>
    </ClCompile>
    <ClCompile Include="P6461 [COCI2006-20075] TRIK.cpp">
      <Filter>源文件</Filter>
    </ClCompile>
    <ClCompile Include="P1007 独木桥.cpp">
      <Filter>源文件</Filter>
    </ClCompile>
    <ClCompile Include="P1008 [NOIP1998 普及组] 三连击.cpp">
      <Filter>源文件</Filter>
    </ClCompile>
    <ClCompile Include="P1009 [NOIP1998 普及组] 阶乘之和.cpp">
      <Filter>源文件</Filter>
    </ClCompile>
    <ClCompile Include="P1009 [NOIP1998 普及组] 阶乘之和 题解.cpp">
      <Filter>源文件</Filter>
    </ClCompile>
    <ClCompile Include="P1010 [NOIP1998 普及组] 幂次方.cpp">
      <Filter>源文件</Filter>
    </ClCompile>
    <ClCompile Include="P1011 [NOIP1998 提高组] 车站.cpp">
      <Filter>源文件</Filter>
    </ClCompile>
    <ClCompile Include="P1012 [NOIP1998 提高组] 拼数.cpp">
      <Filter>源文件</Filter>
    </ClCompile>
    <ClCompile Include="P1013 [NOIP1998 提高组] 进制位.cpp">
      <Filter>源文件</Filter>
    </ClCompile>
    <ClCompile Include="P1015 [NOIP1999 普及组] 回文数.cpp">
      <Filter>源文件</Filter>
    </ClCompile>
    <ClCompile Include="P1016 [NOIP1999 提高组] 旅行家的预算.cpp">
      <Filter>源文件</Filter>
    </ClCompile>
    <ClCompile Include="P1017 [NOIP2000 提高组] 进制转换.cpp">
      <Filter>源文件</Filter>
    </ClCompile>
    <ClCompile Include="P1018 [NOIP2000 提高组] 乘积最大.cpp">
      <Filter>源文件</Filter>
    </ClCompile>
    <ClCompile Include="P1019 [NOIP2000 提高组] 单词接龙.cpp">
      <Filter>源文件</Filter>
    </ClCompile>
    <ClCompile Include="P1020 [NOIP1999 普及组] 导弹拦截.cpp">
      <Filter>源文件</Filter>
    </ClCompile>
    <ClCompile Include="P1021 [NOIP1999 提高组] 邮票面值设计.cpp">
      <Filter>源文件</Filter>
    </ClCompile>
    <ClCompile Include="P1022 [NOIP2000 普及组] 计算器的改良.cpp">
      <Filter>源文件</Filter>
    </ClCompile>
    <ClCompile Include="P1023 [NOIP2000 普及组] 税收与补贴问题.cpp">
      <Filter>源文件</Filter>
    </ClCompile>
    <ClCompile Include="P1024 [NOIP2001 提高组] 一元三次方程求解.cpp">
      <Filter>源文件</Filter>
    </ClCompile>
    <ClCompile Include="P1025 [NOIP2001 提高组] 数的划分.cpp">
      <Filter>源文件</Filter>
    </ClCompile>
    <ClCompile Include="P1026 [NOIP2001 提高组] 统计单词个数.cpp">
      <Filter>源文件</Filter>
    </ClCompile>
    <ClCompile Include="P1028 [NOIP2001 普及组] 数的计算.cpp">
      <Filter>源文件</Filter>
    </ClCompile>
    <ClCompile Include="P1029 [NOIP2001 普及组] 最大公约数和最小公倍数问题.cpp">
      <Filter>源文件</Filter>
    </ClCompile>
    <ClCompile Include="P1030 [NOIP2001 普及组] 求先序排列.cpp">
      <Filter>源文件</Filter>
    </ClCompile>
    <ClCompile Include="P1031 [NOIP2002 提高组] 均分纸牌.cpp">
      <Filter>源文件</Filter>
    </ClCompile>
    <ClCompile Include="P1036 [NOIP2002 普及组] 选数.cpp">
      <Filter>源文件</Filter>
    </ClCompile>
    <ClCompile Include="P1042 [NOIP2003 普及组] 乒乓球.cpp">
      <Filter>源文件</Filter>
    </ClCompile>
    <ClCompile Include="P1044 [NOIP2003 普及组] 栈.cpp">
      <Filter>源文件</Filter>
    </ClCompile>
    <ClCompile Include="P1048 [NOIP2005 普及组] 采药.cpp">
      <Filter>源文件</Filter>
    </ClCompile>
    <ClCompile Include="P1049 [NOIP2001 普及组] 装箱问题.cpp">
      <Filter>源文件</Filter>
    </ClCompile>
    <ClCompile Include="P1051 [NOIP2005 提高组] 谁拿了最多奖学金.cpp">
      <Filter>源文件</Filter>
    </ClCompile>
    <ClCompile Include="P1055 [NOIP2008 普及组] ISBN 号码.cpp">
      <Filter>源文件</Filter>
    </ClCompile>
    <ClCompile Include="P1060 [NOIP2006 普及组] 开心的金明.cpp">
      <Filter>源文件</Filter>
    </ClCompile>
    <ClCompile Include="P1062 [NOIP2006 普及组] 数列.cpp">
      <Filter>源文件</Filter>
    </ClCompile>
    <ClCompile Include="P1067 [NOIP2009 普及组] 多项式输出.cpp">
      <Filter>源文件</Filter>
    </ClCompile>
    <ClCompile Include="P1068 [NOIP2009 普及组] 分数线划定.cpp">
      <Filter>源文件</Filter>
    </ClCompile>
    <ClCompile Include="P1071 [NOIP2009 提高组] 潜伏者.cpp">
      <Filter>源文件</Filter>
    </ClCompile>
    <ClCompile Include="P1079 [NOIP2012 提高组] Vigenère 密码.cpp">
      <Filter>源文件</Filter>
    </ClCompile>
    <ClCompile Include="P1086 [NOIP2004 普及组] 花生采摘.cpp">
      <Filter>源文件</Filter>
    </ClCompile>
    <ClCompile Include="P1087 [NOIP2004 普及组] FBI 树.cpp">
      <Filter>源文件</Filter>
    </ClCompile>
    <ClCompile Include="P1088 [NOIP2004 普及组] 火星人.cpp">
      <Filter>源文件</Filter>
    </ClCompile>
    <ClCompile Include="P1033 [NOIP2002 提高组] 自由落体.cpp">
      <Filter>源文件</Filter>
    </ClCompile>
    <ClCompile Include="P1037 [NOIP2002 普及组] 产生数.cpp">
      <Filter>源文件</Filter>
    </ClCompile>
    <ClCompile Include="P1093 [NOIP2007 普及组] 奖学金.cpp">
      <Filter>源文件</Filter>
    </ClCompile>
    <ClCompile Include="P1094 [NOIP2007 普及组] 纪念品分组.cpp">
      <Filter>源文件</Filter>
    </ClCompile>
    <ClCompile Include="P1097 [NOIP2007 提高组] 统计数字.cpp">
      <Filter>源文件</Filter>
    </ClCompile>
    <ClCompile Include="P1098 [NOIP2007 提高组] 字符串的展开.cpp">
      <Filter>源文件</Filter>
    </ClCompile>
    <ClCompile Include="P1045 [NOIP2003 普及组] 麦森数.cpp">
      <Filter>源文件</Filter>
    </ClCompile>
    <ClCompile Include="P1056 [NOIP2008 普及组] 排座椅.cpp">
      <Filter>源文件</Filter>
    </ClCompile>
    <ClCompile Include="P1057 [NOIP2008 普及组] 传球游戏.cpp">
      <Filter>源文件</Filter>
    </ClCompile>
    <ClCompile Include="P1100 高低位交换.cpp">
      <Filter>源文件</Filter>
    </ClCompile>
    <ClCompile Include="P1101 单词方阵.cpp">
      <Filter>源文件</Filter>
    </ClCompile>
    <ClCompile Include="P1102 A-B 数对.cpp">
      <Filter>源文件</Filter>
    </ClCompile>
    <ClCompile Include="P1104 生日.cpp">
      <Filter>源文件</Filter>
    </ClCompile>
    <ClCompile Include="P1105 平台.cpp">
      <Filter>源文件</Filter>
    </ClCompile>
    <ClCompile Include="P1109 学生分组.cpp">
      <Filter>源文件</Filter>
    </ClCompile>
    <ClCompile Include="P1111 修复公路.cpp">
      <Filter>源文件</Filter>
    </ClCompile>
    <ClCompile Include="P1115 最大子段和.cpp">
      <Filter>源文件</Filter>
    </ClCompile>
    <ClCompile Include="P1125 [NOIP2008 提高组] 笨小猴.cpp">
      <Filter>源文件</Filter>
    </ClCompile>
    <ClCompile Include="P1032 [NOIP2002 提高组] 字串变换.cpp">
      <Filter>源文件</Filter>
    </ClCompile>
    <ClCompile Include="P1020 [NOIP1999 普及组] 导弹拦截tryAgain.cpp">
      <Filter>源文件</Filter>
    </ClCompile>
    <ClCompile Include="P1058 [NOIP2008 普及组] 立体图.cpp">
      <Filter>源文件</Filter>
    </ClCompile>
    <ClCompile Include="P1061 [NOIP2006 普及组] Jam 的计数法.cpp">
      <Filter>源文件</Filter>
    </ClCompile>
  </ItemGroup>
</Project>